
Microsoft Visual Studio Solution File, Format Version 12.00
# Visual Studio Version 16
VisualStudioVersion = 16.0.30804.86
MinimumVisualStudioVersion = 10.0.40219.1
Project("{9A19103F-16F7-4668-BE54-9A1E7A4F7556}") = "Igor.Schema", "Igor.Schema\Igor.Schema.csproj", "{F696F633-C5DC-4F78-926F-06FE4A897ADF}"
EndProject
Project("{9A19103F-16F7-4668-BE54-9A1E7A4F7556}") = "Igor.Xsd", "Igor.Xsd\Igor.Xsd.csproj", "{E58C082D-4B3E-492B-BFA3-3D74E2430DAD}"
EndProject
Project("{9A19103F-16F7-4668-BE54-9A1E7A4F7556}") = "igorc", "igorc\igorc.csproj", "{4E289B59-B556-45DA-AB1B-4CF26F64E4E4}"
EndProject
Project("{2150E333-8FDC-42A3-9474-1A3956D46DE8}") = "Targtets", "Targtets", "{935B5FC6-B13B-43CB-BBC5-316234CBD91A}"
EndProject
Project("{9A19103F-16F7-4668-BE54-9A1E7A4F7556}") = "Igor.Core", "Igor.Core\Igor.Core.csproj", "{25C5BDC1-CE36-4204-993A-106C88E024BE}"
EndProject
Project("{9A19103F-16F7-4668-BE54-9A1E7A4F7556}") = "Igor.Core.Tests", "Igor.Core.Tests\Igor.Core.Tests.csproj", "{715A4302-BE6D-40B4-91CA-205C22C242A1}"
EndProject
Project("{9A19103F-16F7-4668-BE54-9A1E7A4F7556}") = "Igor.CSharp", "Igor.CSharp\Igor.CSharp.csproj", "{824A1A93-0B7D-422D-A6B8-CE40571B2939}"
EndProject
Project("{9A19103F-16F7-4668-BE54-9A1E7A4F7556}") = "Igor.Erlang", "Igor.Erlang\Igor.Erlang.csproj", "{16DC0648-B0E8-4270-BE46-56EE2831FC69}"
EndProject
Project("{9A19103F-16F7-4668-BE54-9A1E7A4F7556}") = "Igor.Lua", "Igor.Lua\Igor.Lua.csproj", "{B1AE2D4E-AE40-4AB4-9873-803ED93C422E}"
EndProject
Project("{9A19103F-16F7-4668-BE54-9A1E7A4F7556}") = "Igor.TypeScript", "Igor.TypeScript\Igor.TypeScript.csproj", "{83ABF25C-0392-4B48-811D-052298930344}"
EndProject
Project("{9A19103F-16F7-4668-BE54-9A1E7A4F7556}") = "Igor.UE4", "Igor.UE4\Igor.UE4.csproj", "{346DD099-7036-4550-A1FA-01EC4A4AB79C}"
EndProject
Project("{9A19103F-16F7-4668-BE54-9A1E7A4F7556}") = "Igor.Go", "Igor.Go\Igor.Go.csproj", "{3A12D3A0-C93C-46C3-BDA3-6EB2F52CF302}"
EndProject
Project("{9A19103F-16F7-4668-BE54-9A1E7A4F7556}") = "Igor.Python", "Igor.Python\Igor.Python.csproj", "{390A995B-9ADF-4211-ACD7-746939F77185}"
EndProject
Project("{9A19103F-16F7-4668-BE54-9A1E7A4F7556}") = "Igor.Sql", "Igor.Sql\Igor.Sql.csproj", "{B3D63EDF-F4BB-45BB-9AD0-5E2F14610352}"
EndProject
Project("{9A19103F-16F7-4668-BE54-9A1E7A4F7556}") = "Igor.Cli", "Igor.Cli\Igor.Cli.csproj", "{90F298E6-F980-4CCF-9CE6-DB8BC148004E}"
EndProject
Project("{9A19103F-16F7-4668-BE54-9A1E7A4F7556}") = "Igor.TestRunner", "Igor.TestRunner\Igor.TestRunner.csproj", "{E96CC7A6-972C-488D-9227-B55A255D8FBA}"
EndProject
Project("{9A19103F-16F7-4668-BE54-9A1E7A4F7556}") = "Igor.OpenAPI", "Igor.OpenAPI\Igor.OpenAPI.csproj", "{7C9D1CD7-D527-4226-8664-08A9D566DEAD}"
EndProject
Project("{9A19103F-16F7-4668-BE54-9A1E7A4F7556}") = "Igor.Elixir", "Igor.Elixir\Igor.Elixir.csproj", "{F78B7240-1A22-4DC0-B5A8-97D7B8D7554F}"
EndProject
Project("{9A19103F-16F7-4668-BE54-9A1E7A4F7556}") = "Igor.JavaScript", "Igor.JavaScript\Igor.JavaScript.csproj", "{9A81AB8E-B252-4AD5-A536-46D08FA9E3D2}"
EndProject
Project("{9A19103F-16F7-4668-BE54-9A1E7A4F7556}") = "Igor.JsonSchema", "Igor.JsonSchema\Igor.JsonSchema.csproj", "{B3487686-8AE6-4057-A774-9903392E58E3}"
EndProject
Project("{9A19103F-16F7-4668-BE54-9A1E7A4F7556}") = "Igor.Model", "Igor.Model\Igor.Model.csproj", "{CCC10460-1532-4FCC-9F86-3BEF779E7753}"
EndProject
Global
	GlobalSection(SolutionConfigurationPlatforms) = preSolution
		Debug|Any CPU = Debug|Any CPU
		Release|Any CPU = Release|Any CPU
	EndGlobalSection
	GlobalSection(ProjectConfigurationPlatforms) = postSolution
		{F696F633-C5DC-4F78-926F-06FE4A897ADF}.Debug|Any CPU.ActiveCfg = Debug|Any CPU
		{F696F633-C5DC-4F78-926F-06FE4A897ADF}.Debug|Any CPU.Build.0 = Debug|Any CPU
		{F696F633-C5DC-4F78-926F-06FE4A897ADF}.Release|Any CPU.ActiveCfg = Release|Any CPU
		{F696F633-C5DC-4F78-926F-06FE4A897ADF}.Release|Any CPU.Build.0 = Release|Any CPU
		{E58C082D-4B3E-492B-BFA3-3D74E2430DAD}.Debug|Any CPU.ActiveCfg = Debug|Any CPU
		{E58C082D-4B3E-492B-BFA3-3D74E2430DAD}.Debug|Any CPU.Build.0 = Debug|Any CPU
		{E58C082D-4B3E-492B-BFA3-3D74E2430DAD}.Release|Any CPU.ActiveCfg = Release|Any CPU
		{E58C082D-4B3E-492B-BFA3-3D74E2430DAD}.Release|Any CPU.Build.0 = Release|Any CPU
		{4E289B59-B556-45DA-AB1B-4CF26F64E4E4}.Debug|Any CPU.ActiveCfg = Debug|Any CPU
		{4E289B59-B556-45DA-AB1B-4CF26F64E4E4}.Debug|Any CPU.Build.0 = Debug|Any CPU
		{4E289B59-B556-45DA-AB1B-4CF26F64E4E4}.Release|Any CPU.ActiveCfg = Release|Any CPU
		{4E289B59-B556-45DA-AB1B-4CF26F64E4E4}.Release|Any CPU.Build.0 = Release|Any CPU
		{25C5BDC1-CE36-4204-993A-106C88E024BE}.Debug|Any CPU.ActiveCfg = Debug|Any CPU
		{25C5BDC1-CE36-4204-993A-106C88E024BE}.Debug|Any CPU.Build.0 = Debug|Any CPU
		{25C5BDC1-CE36-4204-993A-106C88E024BE}.Release|Any CPU.ActiveCfg = Release|Any CPU
		{25C5BDC1-CE36-4204-993A-106C88E024BE}.Release|Any CPU.Build.0 = Release|Any CPU
		{715A4302-BE6D-40B4-91CA-205C22C242A1}.Debug|Any CPU.ActiveCfg = Debug|Any CPU
		{715A4302-BE6D-40B4-91CA-205C22C242A1}.Debug|Any CPU.Build.0 = Debug|Any CPU
		{715A4302-BE6D-40B4-91CA-205C22C242A1}.Release|Any CPU.ActiveCfg = Release|Any CPU
		{715A4302-BE6D-40B4-91CA-205C22C242A1}.Release|Any CPU.Build.0 = Release|Any CPU
		{824A1A93-0B7D-422D-A6B8-CE40571B2939}.Debug|Any CPU.ActiveCfg = Debug|Any CPU
		{824A1A93-0B7D-422D-A6B8-CE40571B2939}.Debug|Any CPU.Build.0 = Debug|Any CPU
		{824A1A93-0B7D-422D-A6B8-CE40571B2939}.Release|Any CPU.ActiveCfg = Release|Any CPU
		{824A1A93-0B7D-422D-A6B8-CE40571B2939}.Release|Any CPU.Build.0 = Release|Any CPU
		{16DC0648-B0E8-4270-BE46-56EE2831FC69}.Debug|Any CPU.ActiveCfg = Debug|Any CPU
		{16DC0648-B0E8-4270-BE46-56EE2831FC69}.Debug|Any CPU.Build.0 = Debug|Any CPU
		{16DC0648-B0E8-4270-BE46-56EE2831FC69}.Release|Any CPU.ActiveCfg = Release|Any CPU
		{16DC0648-B0E8-4270-BE46-56EE2831FC69}.Release|Any CPU.Build.0 = Release|Any CPU
		{B1AE2D4E-AE40-4AB4-9873-803ED93C422E}.Debug|Any CPU.ActiveCfg = Debug|Any CPU
		{B1AE2D4E-AE40-4AB4-9873-803ED93C422E}.Debug|Any CPU.Build.0 = Debug|Any CPU
		{B1AE2D4E-AE40-4AB4-9873-803ED93C422E}.Release|Any CPU.ActiveCfg = Release|Any CPU
		{B1AE2D4E-AE40-4AB4-9873-803ED93C422E}.Release|Any CPU.Build.0 = Release|Any CPU
		{83ABF25C-0392-4B48-811D-052298930344}.Debug|Any CPU.ActiveCfg = Debug|Any CPU
		{83ABF25C-0392-4B48-811D-052298930344}.Debug|Any CPU.Build.0 = Debug|Any CPU
		{83ABF25C-0392-4B48-811D-052298930344}.Release|Any CPU.ActiveCfg = Release|Any CPU
		{83ABF25C-0392-4B48-811D-052298930344}.Release|Any CPU.Build.0 = Release|Any CPU
		{346DD099-7036-4550-A1FA-01EC4A4AB79C}.Debug|Any CPU.ActiveCfg = Debug|Any CPU
		{346DD099-7036-4550-A1FA-01EC4A4AB79C}.Debug|Any CPU.Build.0 = Debug|Any CPU
		{346DD099-7036-4550-A1FA-01EC4A4AB79C}.Release|Any CPU.ActiveCfg = Release|Any CPU
		{346DD099-7036-4550-A1FA-01EC4A4AB79C}.Release|Any CPU.Build.0 = Release|Any CPU
		{3A12D3A0-C93C-46C3-BDA3-6EB2F52CF302}.Debug|Any CPU.ActiveCfg = Debug|Any CPU
		{3A12D3A0-C93C-46C3-BDA3-6EB2F52CF302}.Debug|Any CPU.Build.0 = Debug|Any CPU
		{3A12D3A0-C93C-46C3-BDA3-6EB2F52CF302}.Release|Any CPU.ActiveCfg = Release|Any CPU
		{3A12D3A0-C93C-46C3-BDA3-6EB2F52CF302}.Release|Any CPU.Build.0 = Release|Any CPU
		{390A995B-9ADF-4211-ACD7-746939F77185}.Debug|Any CPU.ActiveCfg = Debug|Any CPU
		{390A995B-9ADF-4211-ACD7-746939F77185}.Debug|Any CPU.Build.0 = Debug|Any CPU
		{390A995B-9ADF-4211-ACD7-746939F77185}.Release|Any CPU.ActiveCfg = Release|Any CPU
		{390A995B-9ADF-4211-ACD7-746939F77185}.Release|Any CPU.Build.0 = Release|Any CPU
		{B3D63EDF-F4BB-45BB-9AD0-5E2F14610352}.Debug|Any CPU.ActiveCfg = Debug|Any CPU
		{B3D63EDF-F4BB-45BB-9AD0-5E2F14610352}.Debug|Any CPU.Build.0 = Debug|Any CPU
		{B3D63EDF-F4BB-45BB-9AD0-5E2F14610352}.Release|Any CPU.ActiveCfg = Release|Any CPU
		{B3D63EDF-F4BB-45BB-9AD0-5E2F14610352}.Release|Any CPU.Build.0 = Release|Any CPU
		{90F298E6-F980-4CCF-9CE6-DB8BC148004E}.Debug|Any CPU.ActiveCfg = Debug|Any CPU
		{90F298E6-F980-4CCF-9CE6-DB8BC148004E}.Debug|Any CPU.Build.0 = Debug|Any CPU
		{90F298E6-F980-4CCF-9CE6-DB8BC148004E}.Release|Any CPU.ActiveCfg = Release|Any CPU
		{90F298E6-F980-4CCF-9CE6-DB8BC148004E}.Release|Any CPU.Build.0 = Release|Any CPU
		{E96CC7A6-972C-488D-9227-B55A255D8FBA}.Debug|Any CPU.ActiveCfg = Debug|Any CPU
		{E96CC7A6-972C-488D-9227-B55A255D8FBA}.Debug|Any CPU.Build.0 = Debug|Any CPU
		{E96CC7A6-972C-488D-9227-B55A255D8FBA}.Release|Any CPU.ActiveCfg = Release|Any CPU
		{E96CC7A6-972C-488D-9227-B55A255D8FBA}.Release|Any CPU.Build.0 = Release|Any CPU
		{7C9D1CD7-D527-4226-8664-08A9D566DEAD}.Debug|Any CPU.ActiveCfg = Debug|Any CPU
		{7C9D1CD7-D527-4226-8664-08A9D566DEAD}.Debug|Any CPU.Build.0 = Debug|Any CPU
		{7C9D1CD7-D527-4226-8664-08A9D566DEAD}.Release|Any CPU.ActiveCfg = Release|Any CPU
		{7C9D1CD7-D527-4226-8664-08A9D566DEAD}.Release|Any CPU.Build.0 = Release|Any CPU
		{4D3013FE-CEA1-492B-9D32-76839375BE65}.Debug|Any CPU.ActiveCfg = Debug|Any CPU
		{4D3013FE-CEA1-492B-9D32-76839375BE65}.Debug|Any CPU.Build.0 = Debug|Any CPU
		{4D3013FE-CEA1-492B-9D32-76839375BE65}.Release|Any CPU.ActiveCfg = Release|Any CPU
		{4D3013FE-CEA1-492B-9D32-76839375BE65}.Release|Any CPU.Build.0 = Release|Any CPU
		{F78B7240-1A22-4DC0-B5A8-97D7B8D7554F}.Debug|Any CPU.ActiveCfg = Debug|Any CPU
		{F78B7240-1A22-4DC0-B5A8-97D7B8D7554F}.Debug|Any CPU.Build.0 = Debug|Any CPU
		{F78B7240-1A22-4DC0-B5A8-97D7B8D7554F}.Release|Any CPU.ActiveCfg = Release|Any CPU
		{F78B7240-1A22-4DC0-B5A8-97D7B8D7554F}.Release|Any CPU.Build.0 = Release|Any CPU
		{9A81AB8E-B252-4AD5-A536-46D08FA9E3D2}.Debug|Any CPU.ActiveCfg = Debug|Any CPU
		{9A81AB8E-B252-4AD5-A536-46D08FA9E3D2}.Debug|Any CPU.Build.0 = Debug|Any CPU
		{9A81AB8E-B252-4AD5-A536-46D08FA9E3D2}.Release|Any CPU.ActiveCfg = Release|Any CPU
		{9A81AB8E-B252-4AD5-A536-46D08FA9E3D2}.Release|Any CPU.Build.0 = Release|Any CPU
		{B3487686-8AE6-4057-A774-9903392E58E3}.Debug|Any CPU.ActiveCfg = Debug|Any CPU
		{B3487686-8AE6-4057-A774-9903392E58E3}.Debug|Any CPU.Build.0 = Debug|Any CPU
		{B3487686-8AE6-4057-A774-9903392E58E3}.Release|Any CPU.ActiveCfg = Release|Any CPU
		{B3487686-8AE6-4057-A774-9903392E58E3}.Release|Any CPU.Build.0 = Release|Any CPU
		{CCC10460-1532-4FCC-9F86-3BEF779E7753}.Debug|Any CPU.ActiveCfg = Debug|Any CPU
		{CCC10460-1532-4FCC-9F86-3BEF779E7753}.Debug|Any CPU.Build.0 = Debug|Any CPU
		{CCC10460-1532-4FCC-9F86-3BEF779E7753}.Release|Any CPU.ActiveCfg = Release|Any CPU
		{CCC10460-1532-4FCC-9F86-3BEF779E7753}.Release|Any CPU.Build.0 = Release|Any CPU
	EndGlobalSection
	GlobalSection(SolutionProperties) = preSolution
		HideSolutionNode = FALSE
	EndGlobalSection
	GlobalSection(NestedProjects) = preSolution
		{F696F633-C5DC-4F78-926F-06FE4A897ADF} = {935B5FC6-B13B-43CB-BBC5-316234CBD91A}
		{E58C082D-4B3E-492B-BFA3-3D74E2430DAD} = {935B5FC6-B13B-43CB-BBC5-316234CBD91A}
		{824A1A93-0B7D-422D-A6B8-CE40571B2939} = {935B5FC6-B13B-43CB-BBC5-316234CBD91A}
		{16DC0648-B0E8-4270-BE46-56EE2831FC69} = {935B5FC6-B13B-43CB-BBC5-316234CBD91A}
		{B1AE2D4E-AE40-4AB4-9873-803ED93C422E} = {935B5FC6-B13B-43CB-BBC5-316234CBD91A}
		{83ABF25C-0392-4B48-811D-052298930344} = {935B5FC6-B13B-43CB-BBC5-316234CBD91A}
		{346DD099-7036-4550-A1FA-01EC4A4AB79C} = {935B5FC6-B13B-43CB-BBC5-316234CBD91A}
		{3A12D3A0-C93C-46C3-BDA3-6EB2F52CF302} = {935B5FC6-B13B-43CB-BBC5-316234CBD91A}
		{390A995B-9ADF-4211-ACD7-746939F77185} = {935B5FC6-B13B-43CB-BBC5-316234CBD91A}
		{B3D63EDF-F4BB-45BB-9AD0-5E2F14610352} = {935B5FC6-B13B-43CB-BBC5-316234CBD91A}
		{7C9D1CD7-D527-4226-8664-08A9D566DEAD} = {935B5FC6-B13B-43CB-BBC5-316234CBD91A}
		{F78B7240-1A22-4DC0-B5A8-97D7B8D7554F} = {935B5FC6-B13B-43CB-BBC5-316234CBD91A}
		{9A81AB8E-B252-4AD5-A536-46D08FA9E3D2} = {935B5FC6-B13B-43CB-BBC5-316234CBD91A}
		{B3487686-8AE6-4057-A774-9903392E58E3} = {935B5FC6-B13B-43CB-BBC5-316234CBD91A}
	EndGlobalSection
	GlobalSection(ExtensibilityGlobals) = postSolution
		SolutionGuid = {CC8B5360-D3BB-4FF1-B188-9C88B73478E3}
	EndGlobalSection
EndGlobal
